// !$*UTF8*$!
{
	archiveVersion = 1;
	classes = {
	};
	objectVersion = 46;
	objects = {

/* Begin PBXAggregateTarget section */
		29EDCE97B015ECCB1CEA2266 /* ConvolutionPlugin - All */ = {
			isa = PBXAggregateTarget;
			buildConfigurationList = 41A41EDAFB28BB20197CC508;
			buildPhases = (
			);
			dependencies = (
				2A67380D5C041992608355BF,
				8510D1F43FD8FA7A534453AE,
			);
			name = "ConvolutionPlugin - All";
			productName = ConvolutionPlugin;
		};
/* End PBXAggregateTarget section */

/* Begin PBXBuildFile section */
		09BF63FFCC2C7915460372ED /* CoreAudioKit.framework */ = {isa = PBXBuildFile; fileRef = A5ADDFB160C88A2E515598AB; };
		0A6ADC775E154B8C4E22F83C /* include_juce_audio_plugin_client_AU_2.mm */ = {isa = PBXBuildFile; fileRef = 655CA173A93D433EE919BBE6; };
		11995F26A9CFBE80842BF2B6 /* include_juce_audio_basics.mm */ = {isa = PBXBuildFile; fileRef = 498826709863828A6B5774BD; };
		16B306F3795C737E490D300B /* CoreMIDI.framework */ = {isa = PBXBuildFile; fileRef = 50E1C08E0F9F1AA786BCEC67; };
		192E4C64426DD533A4E53486 /* AU */ = {isa = PBXBuildFile; fileRef = B1845B903FF06444E0B1510C; };
		197451A7AE469C8D0F50820B /* include_juce_events.mm */ = {isa = PBXBuildFile; fileRef = 18C4C2B6D0EFC0196835D1A3; };
		1AC6A43D6272291DBF4E0010 /* include_juce_audio_plugin_client_utils.cpp */ = {isa = PBXBuildFile; fileRef = 66F62E356AB21709F6EE15EB; };
		27322511C91747D2A5E58176 /* AudioToolbox.framework */ = {isa = PBXBuildFile; fileRef = 48765A6CA922AA61D2443BF4; };
		2831D4C62A18D0AC1376C885 /* include_juce_audio_formats.mm */ = {isa = PBXBuildFile; fileRef = 393DBC1EDEDBAECD71FC9BAA; };
		3362D16C7A9D10B33B7886B5 /* include_juce_data_structures.mm */ = {isa = PBXBuildFile; fileRef = 5EC85D9A876459F4B677B858; };
		33AFD9D52B6D681D5E51AB7F /* include_juce_core.mm */ = {isa = PBXBuildFile; fileRef = 18C2F16C697FA2B370638846; };
		3A67059D7D5791664757AC41 /* include_juce_audio_plugin_client_AU.r */ = {isa = PBXBuildFile; fileRef = 72B7E814C80D2457B8340199; };
		5AA6FEE2AA4670D6E1AF5DA0 /* include_juce_audio_plugin_client_VST_utils.mm */ = {isa = PBXBuildFile; fileRef = 709650D05E537A9EC0A477FC; };
		5B304E56139897B6FF3335B8 /* DiscRecording.framework */ = {isa = PBXBuildFile; fileRef = DDC0B4E429001FA599109DA5; };
		5E6E40D419DC54B0F4F1900B /* include_juce_gui_basics.mm */ = {isa = PBXBuildFile; fileRef = 34FC9612A4E7DF6CE33C8F08; };
		681894916D009CED580CBD77 /* AudioUnit.framework */ = {isa = PBXBuildFile; fileRef = 092BB2565CC5A598700A25B3; };
		779B5279A4B40FF9391EA8BA /* include_juce_dsp.mm */ = {isa = PBXBuildFile; fileRef = 90B298FC038F3DCFB9B94EB7; };
		803EDFF0A699546F9B2C47B1 /* WebKit.framework */ = {isa = PBXBuildFile; fileRef = 09CF20EC6C109E1BBCF9AF4C; };
		8B30AA8D18246CEE33A5C9EA /* include_juce_graphics.mm */ = {isa = PBXBuildFile; fileRef = 85B13F6F10833B7C7F48F2C9; };
		9728E9EC2AF0529F2469AC70 /* Shared Code */ = {isa = PBXBuildFile; fileRef = CEC5AF650EFDEC0AB95AA885; };
		A2A04F5142111B7853C06E21 /* Cocoa.framework */ = {isa = PBXBuildFile; fileRef = C90AFF761F3D0C51C5F32AAA; };
		AC2FB3452D5C92388152AF05 /* QuartzCore.framework */ = {isa = PBXBuildFile; fileRef = 1A6F0A10FBF8D923D15A2933; };
		AD249D51137DFA14960D4BD8 /* Foundation.framework */ = {isa = PBXBuildFile; fileRef = 36E15E6D0D06AAE4F18C13AB; };
		AF762C7C71E44F762D5F0F89 /* Carbon.framework */ = {isa = PBXBuildFile; fileRef = 9CC5660F00E98A829A4E3418; };
		B0F0F2043AABC5068A4E8E09 /* include_juce_gui_extra.mm */ = {isa = PBXBuildFile; fileRef = 87E6B44DC6509529DB4124F9; };
		B7BE051DFD1C11F9DB132D22 /* Accelerate.framework */ = {isa = PBXBuildFile; fileRef = E20D8980EEF38E43382B81E1; };
		B850E73D4D7A4D042F798098 /* CoreAudio.framework */ = {isa = PBXBuildFile; fileRef = C12D7F09D3F22629AE5C096C; };
		BB89935F0755D9F9BB6C5911 /* include_juce_audio_plugin_client_AU_1.mm */ = {isa = PBXBuildFile; fileRef = 02A1DBF54C6A9608EE786D72; };
		BF0EFA5993CE85B2E379BC13 /* include_juce_audio_processors.mm */ = {isa = PBXBuildFile; fileRef = 5448959293FF418F7DA21212; };
		C35A80845B28AB4B5D76AFFF /* RecentFilesMenuTemplate.nib */ = {isa = PBXBuildFile; fileRef = 641E7BD1EBD5C9D9DEDA43AF; };
		C8FA183D79D303B4F6F586BD /* IOKit.framework */ = {isa = PBXBuildFile; fileRef = 8AFFF1D928460B1F04CB5262; };
		CE1508BEEA68665844E81F7F /* PluginEditor.cpp */ = {isa = PBXBuildFile; fileRef = 7BE00FB4D1BCEF7E3C27A838; };
		D3284396A14D5CA6C90EE6D3 /* include_juce_audio_utils.mm */ = {isa = PBXBuildFile; fileRef = 270785B7DA4073CE049097EC; };
		E0322CEBDBDB595A1DCE0CBF /* PluginProcessor.cpp */ = {isa = PBXBuildFile; fileRef = 59719470BE8186A3E3B64671; };
		EE2060E08A8DE4C9F8816356 /* include_juce_audio_devices.mm */ = {isa = PBXBuildFile; fileRef = 164EFAB5386B6D4EE8ECC165; };
/* End PBXBuildFile section */

/* Begin PBXFileReference section */
		010BED5E15E593DEB7697861 /* juce_audio_devices */ /* juce_audio_devices */ = {isa = PBXFileReference; lastKnownFileType = folder; name = juce_audio_devices; path = /Users/aparthy/dev/JUCE/modules/juce_audio_devices; sourceTree = "<absolute>"; };
		02A1DBF54C6A9608EE786D72 /* include_juce_audio_plugin_client_AU_1.mm */ /* include_juce_audio_plugin_client_AU_1.mm */ = {isa = PBXFileReference; lastKnownFileType = sourcecode.cpp.objcpp; name = include_juce_audio_plugin_client_AU_1.mm; path = ../../JuceLibraryCode/include_juce_audio_plugin_client_AU_1.mm; sourceTree = SOURCE_ROOT; };
		0631A84B364BC0822A0A5377 /* JucePluginDefines.h */ /* JucePluginDefines.h */ = {isa = PBXFileReference; lastKnownFileType = sourcecode.c.h; name = JucePluginDefines.h; path = ../../JuceLibraryCode/JucePluginDefines.h; sourceTree = SOURCE_ROOT; };
		08F0355D6FF6FA4970E63D84 /* juce_gui_extra */ /* juce_gui_extra */ = {isa = PBXFileReference; lastKnownFileType = folder; name = juce_gui_extra; path = /Users/aparthy/dev/JUCE/modules/juce_gui_extra; sourceTree = "<absolute>"; };
		092BB2565CC5A598700A25B3 /* AudioUnit.framework */ /* AudioUnit.framework */ = {isa = PBXFileReference; lastKnownFileType = wrapper.framework; name = AudioUnit.framework; path = System/Library/Frameworks/AudioUnit.framework; sourceTree = SDKROOT; };
		09CF20EC6C109E1BBCF9AF4C /* WebKit.framework */ /* WebKit.framework */ = {isa = PBXFileReference; lastKnownFileType = wrapper.framework; name = WebKit.framework; path = System/Library/Frameworks/WebKit.framework; sourceTree = SDKROOT; };
		0EFE6C587D9918A58971DF63 /* JuceHeader.h */ /* JuceHeader.h */ = {isa = PBXFileReference; lastKnownFileType = sourcecode.c.h; name = JuceHeader.h; path = ../../JuceLibraryCode/JuceHeader.h; sourceTree = SOURCE_ROOT; };
		109846E60A2C30BD7E65B480 /* juce_gui_basics */ /* juce_gui_basics */ = {isa = PBXFileReference; lastKnownFileType = folder; name = juce_gui_basics; path = /Users/aparthy/dev/JUCE/modules/juce_gui_basics; sourceTree = "<absolute>"; };
		164EFAB5386B6D4EE8ECC165 /* include_juce_audio_devices.mm */ /* include_juce_audio_devices.mm */ = {isa = PBXFileReference; lastKnownFileType = sourcecode.cpp.objcpp; name = include_juce_audio_devices.mm; path = ../../JuceLibraryCode/include_juce_audio_devices.mm; sourceTree = SOURCE_ROOT; };
		18C2F16C697FA2B370638846 /* include_juce_core.mm */ /* include_juce_core.mm */ = {isa = PBXFileReference; lastKnownFileType = sourcecode.cpp.objcpp; name = include_juce_core.mm; path = ../../JuceLibraryCode/include_juce_core.mm; sourceTree = SOURCE_ROOT; };
		18C4C2B6D0EFC0196835D1A3 /* include_juce_events.mm */ /* include_juce_events.mm */ = {isa = PBXFileReference; lastKnownFileType = sourcecode.cpp.objcpp; name = include_juce_events.mm; path = ../../JuceLibraryCode/include_juce_events.mm; sourceTree = SOURCE_ROOT; };
		19B3F187CE8A5819F052AECA /* juce_core */ /* juce_core */ = {isa = PBXFileReference; lastKnownFileType = folder; name = juce_core; path = /Users/aparthy/dev/JUCE/modules/juce_core; sourceTree = "<absolute>"; };
		1A6F0A10FBF8D923D15A2933 /* QuartzCore.framework */ /* QuartzCore.framework */ = {isa = PBXFileReference; lastKnownFileType = wrapper.framework; name = QuartzCore.framework; path = System/Library/Frameworks/QuartzCore.framework; sourceTree = SDKROOT; };
		270785B7DA4073CE049097EC /* include_juce_audio_utils.mm */ /* include_juce_audio_utils.mm */ = {isa = PBXFileReference; lastKnownFileType = sourcecode.cpp.objcpp; name = include_juce_audio_utils.mm; path = ../../JuceLibraryCode/include_juce_audio_utils.mm; sourceTree = SOURCE_ROOT; };
		27D4BAFFC64F55B8A83A2161 /* juce_events */ /* juce_events */ = {isa = PBXFileReference; lastKnownFileType = folder; name = juce_events; path = /Users/aparthy/dev/JUCE/modules/juce_events; sourceTree = "<absolute>"; };
		34FC9612A4E7DF6CE33C8F08 /* include_juce_gui_basics.mm */ /* include_juce_gui_basics.mm */ = {isa = PBXFileReference; lastKnownFileType = sourcecode.cpp.objcpp; name = include_juce_gui_basics.mm; path = ../../JuceLibraryCode/include_juce_gui_basics.mm; sourceTree = SOURCE_ROOT; };
		36E15E6D0D06AAE4F18C13AB /* Foundation.framework */ /* Foundation.framework */ = {isa = PBXFileReference; lastKnownFileType = wrapper.framework; name = Foundation.framework; path = System/Library/Frameworks/Foundation.framework; sourceTree = SDKROOT; };
		38464ED9CADAC0A8D2FD7CB5 /* Info-AU.plist */ /* Info-AU.plist */ = {isa = PBXFileReference; lastKnownFileType = text.plist.xml; name = "Info-AU.plist"; path = "Info-AU.plist"; sourceTree = SOURCE_ROOT; };
		393DBC1EDEDBAECD71FC9BAA /* include_juce_audio_formats.mm */ /* include_juce_audio_formats.mm */ = {isa = PBXFileReference; lastKnownFileType = sourcecode.cpp.objcpp; name = include_juce_audio_formats.mm; path = ../../JuceLibraryCode/include_juce_audio_formats.mm; sourceTree = SOURCE_ROOT; };
		420290788994205F042B77C8 /* juce_data_structures */ /* juce_data_structures */ = {isa = PBXFileReference; lastKnownFileType = folder; name = juce_data_structures; path = /Users/aparthy/dev/JUCE/modules/juce_data_structures; sourceTree = "<absolute>"; };
		48765A6CA922AA61D2443BF4 /* AudioToolbox.framework */ /* AudioToolbox.framework */ = {isa = PBXFileReference; lastKnownFileType = wrapper.framework; name = AudioToolbox.framework; path = System/Library/Frameworks/AudioToolbox.framework; sourceTree = SDKROOT; };
		498826709863828A6B5774BD /* include_juce_audio_basics.mm */ /* include_juce_audio_basics.mm */ = {isa = PBXFileReference; lastKnownFileType = sourcecode.cpp.objcpp; name = include_juce_audio_basics.mm; path = ../../JuceLibraryCode/include_juce_audio_basics.mm; sourceTree = SOURCE_ROOT; };
		50E1C08E0F9F1AA786BCEC67 /* CoreMIDI.framework */ /* CoreMIDI.framework */ = {isa = PBXFileReference; lastKnownFileType = wrapper.framework; name = CoreMIDI.framework; path = System/Library/Frameworks/CoreMIDI.framework; sourceTree = SDKROOT; };
		5448959293FF418F7DA21212 /* include_juce_audio_processors.mm */ /* include_juce_audio_processors.mm */ = {isa = PBXFileReference; lastKnownFileType = sourcecode.cpp.objcpp; name = include_juce_audio_processors.mm; path = ../../JuceLibraryCode/include_juce_audio_processors.mm; sourceTree = SOURCE_ROOT; };
		59719470BE8186A3E3B64671 /* PluginProcessor.cpp */ /* PluginProcessor.cpp */ = {isa = PBXFileReference; lastKnownFileType = sourcecode.cpp.cpp; name = PluginProcessor.cpp; path = ../../Source/PluginProcessor.cpp; sourceTree = SOURCE_ROOT; };
		5A0E4A2F8F5780FC3AA161E9 /* juce_dsp */ /* juce_dsp */ = {isa = PBXFileReference; lastKnownFileType = folder; name = juce_dsp; path = /Users/aparthy/dev/JUCE/modules/juce_dsp; sourceTree = "<absolute>"; };
		5EC85D9A876459F4B677B858 /* include_juce_data_structures.mm */ /* include_juce_data_structures.mm */ = {isa = PBXFileReference; lastKnownFileType = sourcecode.cpp.objcpp; name = include_juce_data_structures.mm; path = ../../JuceLibraryCode/include_juce_data_structures.mm; sourceTree = SOURCE_ROOT; };
		641E7BD1EBD5C9D9DEDA43AF /* RecentFilesMenuTemplate.nib */ /* RecentFilesMenuTemplate.nib */ = {isa = PBXFileReference; lastKnownFileType = file.nib; name = RecentFilesMenuTemplate.nib; path = RecentFilesMenuTemplate.nib; sourceTree = SOURCE_ROOT; };
		655CA173A93D433EE919BBE6 /* include_juce_audio_plugin_client_AU_2.mm */ /* include_juce_audio_plugin_client_AU_2.mm */ = {isa = PBXFileReference; lastKnownFileType = sourcecode.cpp.objcpp; name = include_juce_audio_plugin_client_AU_2.mm; path = ../../JuceLibraryCode/include_juce_audio_plugin_client_AU_2.mm; sourceTree = SOURCE_ROOT; };
		66F62E356AB21709F6EE15EB /* include_juce_audio_plugin_client_utils.cpp */ /* include_juce_audio_plugin_client_utils.cpp */ = {isa = PBXFileReference; lastKnownFileType = sourcecode.cpp.cpp; name = include_juce_audio_plugin_client_utils.cpp; path = ../../JuceLibraryCode/include_juce_audio_plugin_client_utils.cpp; sourceTree = SOURCE_ROOT; };
		6CE9FF9EC7E77F5DC433DBEA /* juce_graphics */ /* juce_graphics */ = {isa = PBXFileReference; lastKnownFileType = folder; name = juce_graphics; path = /Users/aparthy/dev/JUCE/modules/juce_graphics; sourceTree = "<absolute>"; };
		709650D05E537A9EC0A477FC /* include_juce_audio_plugin_client_VST_utils.mm */ /* include_juce_audio_plugin_client_VST_utils.mm */ = {isa = PBXFileReference; lastKnownFileType = sourcecode.cpp.objcpp; name = include_juce_audio_plugin_client_VST_utils.mm; path = ../../JuceLibraryCode/include_juce_audio_plugin_client_VST_utils.mm; sourceTree = SOURCE_ROOT; };
		72B7E814C80D2457B8340199 /* include_juce_audio_plugin_client_AU.r */ /* include_juce_audio_plugin_client_AU.r */ = {isa = PBXFileReference; lastKnownFileType = file.r; name = include_juce_audio_plugin_client_AU.r; path = ../../JuceLibraryCode/include_juce_audio_plugin_client_AU.r; sourceTree = SOURCE_ROOT; };
		7BE00FB4D1BCEF7E3C27A838 /* PluginEditor.cpp */ /* PluginEditor.cpp */ = {isa = PBXFileReference; lastKnownFileType = sourcecode.cpp.cpp; name = PluginEditor.cpp; path = ../../Source/PluginEditor.cpp; sourceTree = SOURCE_ROOT; };
		822E5A3B7934B9908A15A654 /* juce_audio_formats */ /* juce_audio_formats */ = {isa = PBXFileReference; lastKnownFileType = folder; name = juce_audio_formats; path = /Users/aparthy/dev/JUCE/modules/juce_audio_formats; sourceTree = "<absolute>"; };
		85B13F6F10833B7C7F48F2C9 /* include_juce_graphics.mm */ /* include_juce_graphics.mm */ = {isa = PBXFileReference; lastKnownFileType = sourcecode.cpp.objcpp; name = include_juce_graphics.mm; path = ../../JuceLibraryCode/include_juce_graphics.mm; sourceTree = SOURCE_ROOT; };
		87E6B44DC6509529DB4124F9 /* include_juce_gui_extra.mm */ /* include_juce_gui_extra.mm */ = {isa = PBXFileReference; lastKnownFileType = sourcecode.cpp.objcpp; name = include_juce_gui_extra.mm; path = ../../JuceLibraryCode/include_juce_gui_extra.mm; sourceTree = SOURCE_ROOT; };
		8AFFF1D928460B1F04CB5262 /* IOKit.framework */ /* IOKit.framework */ = {isa = PBXFileReference; lastKnownFileType = wrapper.framework; name = IOKit.framework; path = System/Library/Frameworks/IOKit.framework; sourceTree = SDKROOT; };
		90B298FC038F3DCFB9B94EB7 /* include_juce_dsp.mm */ /* include_juce_dsp.mm */ = {isa = PBXFileReference; lastKnownFileType = sourcecode.cpp.objcpp; name = include_juce_dsp.mm; path = ../../JuceLibraryCode/include_juce_dsp.mm; sourceTree = SOURCE_ROOT; };
		90DD678F312646520C8661CF /* juce_audio_utils */ /* juce_audio_utils */ = {isa = PBXFileReference; lastKnownFileType = folder; name = juce_audio_utils; path = /Users/aparthy/dev/JUCE/modules/juce_audio_utils; sourceTree = "<absolute>"; };
		9C73FC9D05871FE245261307 /* PluginProcessor.h */ /* PluginProcessor.h */ = {isa = PBXFileReference; lastKnownFileType = sourcecode.c.h; name = PluginProcessor.h; path = ../../Source/PluginProcessor.h; sourceTree = SOURCE_ROOT; };
		9CC5660F00E98A829A4E3418 /* Carbon.framework */ /* Carbon.framework */ = {isa = PBXFileReference; lastKnownFileType = wrapper.framework; name = Carbon.framework; path = System/Library/Frameworks/Carbon.framework; sourceTree = SDKROOT; };
		A5ADDFB160C88A2E515598AB /* CoreAudioKit.framework */ /* CoreAudioKit.framework */ = {isa = PBXFileReference; lastKnownFileType = wrapper.framework; name = CoreAudioKit.framework; path = System/Library/Frameworks/CoreAudioKit.framework; sourceTree = SDKROOT; };
		AE847613A103B15FC9EE9680 /* juce_audio_processors */ /* juce_audio_processors */ = {isa = PBXFileReference; lastKnownFileType = folder; name = juce_audio_processors; path = /Users/aparthy/dev/JUCE/modules/juce_audio_processors; sourceTree = "<absolute>"; };
		B0657A0B0E2EE8BF942CEB06 /* juce_audio_basics */ /* juce_audio_basics */ = {isa = PBXFileReference; lastKnownFileType = folder; name = juce_audio_basics; path = /Users/aparthy/dev/JUCE/modules/juce_audio_basics; sourceTree = "<absolute>"; };
		B1845B903FF06444E0B1510C /* AU */ = {isa = PBXFileReference; explicitFileType = wrapper.cfbundle; includeInIndex = 0; path = ConvolutionPlugin.component; sourceTree = BUILT_PRODUCTS_DIR; };
		C12D7F09D3F22629AE5C096C /* CoreAudio.framework */ /* CoreAudio.framework */ = {isa = PBXFileReference; lastKnownFileType = wrapper.framework; name = CoreAudio.framework; path = System/Library/Frameworks/CoreAudio.framework; sourceTree = SDKROOT; };
		C90AFF761F3D0C51C5F32AAA /* Cocoa.framework */ /* Cocoa.framework */ = {isa = PBXFileReference; lastKnownFileType = wrapper.framework; name = Cocoa.framework; path = System/Library/Frameworks/Cocoa.framework; sourceTree = SDKROOT; };
		CE415060FAD1C6A82D5CC157 /* PluginEditor.h */ /* PluginEditor.h */ = {isa = PBXFileReference; lastKnownFileType = sourcecode.c.h; name = PluginEditor.h; path = ../../Source/PluginEditor.h; sourceTree = SOURCE_ROOT; };
		CEC5AF650EFDEC0AB95AA885 /* Shared Code */ = {isa = PBXFileReference; explicitFileType = archive.ar; includeInIndex = 0; path = libConvolutionPlugin.a; sourceTree = BUILT_PRODUCTS_DIR; };
		DDC0B4E429001FA599109DA5 /* DiscRecording.framework */ /* DiscRecording.framework */ = {isa = PBXFileReference; lastKnownFileType = wrapper.framework; name = DiscRecording.framework; path = System/Library/Frameworks/DiscRecording.framework; sourceTree = SDKROOT; };
		E20D8980EEF38E43382B81E1 /* Accelerate.framework */ /* Accelerate.framework */ = {isa = PBXFileReference; lastKnownFileType = wrapper.framework; name = Accelerate.framework; path = System/Library/Frameworks/Accelerate.framework; sourceTree = SDKROOT; };
		EFB052F20DCCD0725A992D6D /* juce_audio_plugin_client */ /* juce_audio_plugin_client */ = {isa = PBXFileReference; lastKnownFileType = folder; name = juce_audio_plugin_client; path = /Users/aparthy/dev/JUCE/modules/juce_audio_plugin_client; sourceTree = "<absolute>"; };
/* End PBXFileReference section */

/* Begin PBXFrameworksBuildPhase section */
		A02B0C17BCFAB6C8774B73AB = {
			isa = PBXFrameworksBuildPhase;
			buildActionMask = 2147483647;
			files = (
				681894916D009CED580CBD77,
				B7BE051DFD1C11F9DB132D22,
				27322511C91747D2A5E58176,
				AF762C7C71E44F762D5F0F89,
				A2A04F5142111B7853C06E21,
				B850E73D4D7A4D042F798098,
				09BF63FFCC2C7915460372ED,
				16B306F3795C737E490D300B,
				5B304E56139897B6FF3335B8,
				AD249D51137DFA14960D4BD8,
				C8FA183D79D303B4F6F586BD,
				AC2FB3452D5C92388152AF05,
				803EDFF0A699546F9B2C47B1,
			);
			runOnlyForDeploymentPostprocessing = 0;
		};
/* End PBXFrameworksBuildPhase section */

/* Begin PBXGroup section */
		172AA21C78AD24A1EBD7EF88 /* Products */ = {
			isa = PBXGroup;
			children = (
				B1845B903FF06444E0B1510C,
				CEC5AF650EFDEC0AB95AA885,
			);
			name = Products;
			sourceTree = "<group>";
		};
		55D3291BD563D0C765374AC8 /* JUCE Library Code */ = {
			isa = PBXGroup;
			children = (
				498826709863828A6B5774BD,
				164EFAB5386B6D4EE8ECC165,
				393DBC1EDEDBAECD71FC9BAA,
				72B7E814C80D2457B8340199,
				02A1DBF54C6A9608EE786D72,
				655CA173A93D433EE919BBE6,
				66F62E356AB21709F6EE15EB,
				709650D05E537A9EC0A477FC,
				5448959293FF418F7DA21212,
				270785B7DA4073CE049097EC,
				18C2F16C697FA2B370638846,
				5EC85D9A876459F4B677B858,
				90B298FC038F3DCFB9B94EB7,
				18C4C2B6D0EFC0196835D1A3,
				85B13F6F10833B7C7F48F2C9,
				34FC9612A4E7DF6CE33C8F08,
				87E6B44DC6509529DB4124F9,
				0EFE6C587D9918A58971DF63,
				0631A84B364BC0822A0A5377,
			);
			name = "JUCE Library Code";
			sourceTree = "<group>";
		};
		7B231C99751E694BD2D552C9 /* Frameworks */ = {
			isa = PBXGroup;
			children = (
				092BB2565CC5A598700A25B3,
				E20D8980EEF38E43382B81E1,
				48765A6CA922AA61D2443BF4,
				9CC5660F00E98A829A4E3418,
				C90AFF761F3D0C51C5F32AAA,
				C12D7F09D3F22629AE5C096C,
				A5ADDFB160C88A2E515598AB,
				50E1C08E0F9F1AA786BCEC67,
				DDC0B4E429001FA599109DA5,
				36E15E6D0D06AAE4F18C13AB,
				8AFFF1D928460B1F04CB5262,
				1A6F0A10FBF8D923D15A2933,
				09CF20EC6C109E1BBCF9AF4C,
			);
			name = Frameworks;
			sourceTree = "<group>";
		};
		88F725C643521956AEA3BDD7 /* JUCE Modules */ = {
			isa = PBXGroup;
			children = (
				B0657A0B0E2EE8BF942CEB06,
				010BED5E15E593DEB7697861,
				822E5A3B7934B9908A15A654,
				EFB052F20DCCD0725A992D6D,
				AE847613A103B15FC9EE9680,
				90DD678F312646520C8661CF,
				19B3F187CE8A5819F052AECA,
				420290788994205F042B77C8,
				5A0E4A2F8F5780FC3AA161E9,
				27D4BAFFC64F55B8A83A2161,
				6CE9FF9EC7E77F5DC433DBEA,
				109846E60A2C30BD7E65B480,
				08F0355D6FF6FA4970E63D84,
			);
			name = "JUCE Modules";
			sourceTree = "<group>";
		};
		94DC2EBC66DB6634743C554D /* Source */ = {
			isa = PBXGroup;
			children = (
				BA6829ACD75F9781098E912D,
				88F725C643521956AEA3BDD7,
				55D3291BD563D0C765374AC8,
				B0CC7D4DB3BBD6B830334A78,
				7B231C99751E694BD2D552C9,
				172AA21C78AD24A1EBD7EF88,
			);
			name = Source;
			sourceTree = "<group>";
		};
		B0CC7D4DB3BBD6B830334A78 /* Resources */ = {
			isa = PBXGroup;
			children = (
				38464ED9CADAC0A8D2FD7CB5,
				641E7BD1EBD5C9D9DEDA43AF,
			);
			name = Resources;
			sourceTree = "<group>";
		};
		BA6829ACD75F9781098E912D /* ConvolutionPlugin */ = {
			isa = PBXGroup;
			children = (
				D60E85A3F65AB0520BF88D71,
			);
			name = ConvolutionPlugin;
			sourceTree = "<group>";
		};
		D60E85A3F65AB0520BF88D71 /* Source */ = {
			isa = PBXGroup;
			children = (
				59719470BE8186A3E3B64671,
				9C73FC9D05871FE245261307,
				7BE00FB4D1BCEF7E3C27A838,
				CE415060FAD1C6A82D5CC157,
			);
			name = Source;
			sourceTree = "<group>";
		};
/* End PBXGroup section */

/* Begin PBXNativeTarget section */
		0C706CBE67891C9C395C3B75 /* ConvolutionPlugin - Shared Code */ = {
			isa = PBXNativeTarget;
			buildConfigurationList = 7707BC900178BF985B038C1F;
			buildPhases = (
				E61752B4BA92966A2A26C69C,
			);
			buildRules = (
			);
			dependencies = (
			);
			name = "ConvolutionPlugin - Shared Code";
			productName = ConvolutionPlugin;
			productReference = CEC5AF650EFDEC0AB95AA885;
			productType = "com.apple.product-type.library.static";
		};
		8FA27B728A9506347A7E241C /* ConvolutionPlugin - AU */ = {
			isa = PBXNativeTarget;
			buildConfigurationList = 4E012462B05D4568F2E3DD8F;
			buildPhases = (
				B34F373A786CD9C1304FA939,
				7828798253AB4D07C13F1B97,
				CBE0DB9CDE77062876B09A78,
				A02B0C17BCFAB6C8774B73AB,
			);
			buildRules = (
			);
			dependencies = (
				0E3EA8192B25450F1FE6E53F,
			);
			name = "ConvolutionPlugin - AU";
			productName = ConvolutionPlugin;
			productReference = B1845B903FF06444E0B1510C;
			productType = "com.apple.product-type.bundle";
		};
/* End PBXNativeTarget section */

/* Begin PBXProject section */
		62DD8FC01E32A228C323258F = {
			isa = PBXProject;
			attributes = {
				LastUpgradeCheck = 1300;
				ORGANIZATIONNAME = "abhaya";
				TargetAttributes = {
					0C706CBE67891C9C395C3B75 = {
						SystemCapabilities = {
							com.apple.ApplicationGroups.iOS = {
								enabled = 0;
							};
							com.apple.HardenedRuntime = {
								enabled = 0;
							};
							com.apple.InAppPurchase = {
								enabled = 0;
							};
							com.apple.InterAppAudio = {
								enabled = 0;
							};
							com.apple.Push = {
								enabled = 0;
							};
							com.apple.Sandbox = {
								enabled = 0;
							};
						};
					};
					29EDCE97B015ECCB1CEA2266 = {
						SystemCapabilities = {
							com.apple.ApplicationGroups.iOS = {
								enabled = 0;
							};
							com.apple.HardenedRuntime = {
								enabled = 0;
							};
							com.apple.InAppPurchase = {
								enabled = 0;
							};
							com.apple.InterAppAudio = {
								enabled = 0;
							};
							com.apple.Push = {
								enabled = 0;
							};
							com.apple.Sandbox = {
								enabled = 0;
							};
						};
					};
					8FA27B728A9506347A7E241C = {
						SystemCapabilities = {
							com.apple.ApplicationGroups.iOS = {
								enabled = 0;
							};
							com.apple.HardenedRuntime = {
								enabled = 0;
							};
							com.apple.InAppPurchase = {
								enabled = 0;
							};
							com.apple.InterAppAudio = {
								enabled = 0;
							};
							com.apple.Push = {
								enabled = 0;
							};
							com.apple.Sandbox = {
								enabled = 0;
							};
						};
					};
				};
			};
			buildConfigurationList = E85AD194BB72065CB980CD60;
			compatibilityVersion = "Xcode 3.2";
			hasScannedForEncodings = 0;
			knownRegions = (
				en,
				Base,
			);
			mainGroup = 94DC2EBC66DB6634743C554D;
			projectDirPath = "";
			projectRoot = "";
			targets = (
				29EDCE97B015ECCB1CEA2266,
				8FA27B728A9506347A7E241C,
				0C706CBE67891C9C395C3B75,
			);
		};
/* End PBXProject section */

/* Begin PBXResourcesBuildPhase section */
		B34F373A786CD9C1304FA939 = {
			isa = PBXResourcesBuildPhase;
			buildActionMask = 2147483647;
			files = (
				C35A80845B28AB4B5D76AFFF,
			);
			runOnlyForDeploymentPostprocessing = 0;
		};
/* End PBXResourcesBuildPhase section */

/* Begin PBXRezBuildPhase section */
		7828798253AB4D07C13F1B97 = {
			isa = PBXRezBuildPhase;
			buildActionMask = 2147483647;
			files = (
				3A67059D7D5791664757AC41,
			);
			runOnlyForDeploymentPostprocessing = 0;
		};
/* End PBXRezBuildPhase section */

/* Begin PBXSourcesBuildPhase section */
		CBE0DB9CDE77062876B09A78 = {
			isa = PBXSourcesBuildPhase;
			buildActionMask = 2147483647;
			files = (
				BB89935F0755D9F9BB6C5911,
				0A6ADC775E154B8C4E22F83C,
			);
			runOnlyForDeploymentPostprocessing = 0;
		};
		E61752B4BA92966A2A26C69C = {
			isa = PBXSourcesBuildPhase;
			buildActionMask = 2147483647;
			files = (
				E0322CEBDBDB595A1DCE0CBF,
				CE1508BEEA68665844E81F7F,
				11995F26A9CFBE80842BF2B6,
				EE2060E08A8DE4C9F8816356,
				2831D4C62A18D0AC1376C885,
				1AC6A43D6272291DBF4E0010,
				5AA6FEE2AA4670D6E1AF5DA0,
				BF0EFA5993CE85B2E379BC13,
				D3284396A14D5CA6C90EE6D3,
				33AFD9D52B6D681D5E51AB7F,
				3362D16C7A9D10B33B7886B5,
				779B5279A4B40FF9391EA8BA,
				197451A7AE469C8D0F50820B,
				8B30AA8D18246CEE33A5C9EA,
				5E6E40D419DC54B0F4F1900B,
				B0F0F2043AABC5068A4E8E09,
			);
			runOnlyForDeploymentPostprocessing = 0;
		};
/* End PBXSourcesBuildPhase section */

/* Begin PBXTargetDependency section */
		0E3EA8192B25450F1FE6E53F = {
			isa = PBXTargetDependency;
			target = 0C706CBE67891C9C395C3B75;
		};
		2A67380D5C041992608355BF = {
			isa = PBXTargetDependency;
			target = 8FA27B728A9506347A7E241C;
		};
		8510D1F43FD8FA7A534453AE = {
			isa = PBXTargetDependency;
			target = 0C706CBE67891C9C395C3B75;
		};
/* End PBXTargetDependency section */

/* Begin XCBuildConfiguration section */
		08F7920D0B03D2FF4377D7BF /* Release */ = {
			isa = XCBuildConfiguration;
			buildSettings = {
				CLANG_CXX_LANGUAGE_STANDARD = "c++14";
				CLANG_CXX_LIBRARY = "libc++";
				CLANG_LINK_OBJC_RUNTIME = NO;
				CODE_SIGN_IDENTITY = "";
				COMBINE_HIDPI_IMAGES = YES;
				CONFIGURATION_BUILD_DIR = "$(PROJECT_DIR)/build/$(CONFIGURATION)";
				DEAD_CODE_STRIPPING = YES;
				GCC_GENERATE_DEBUGGING_SYMBOLS = NO;
				GCC_OPTIMIZATION_LEVEL = 3;
				GCC_PREPROCESSOR_DEFINITIONS = (
					"_NDEBUG=1",
					"NDEBUG=1",
					"JUCE_DISPLAY_SPLASH_SCREEN=0",
					"JUCE_USE_DARK_SPLASH_SCREEN=1",
					"JUCE_PROJUCER_VERSION=0x60102",
					"JUCE_MODULE_AVAILABLE_juce_audio_basics=1",
					"JUCE_MODULE_AVAILABLE_juce_audio_devices=1",
					"JUCE_MODULE_AVAILABLE_juce_audio_formats=1",
					"JUCE_MODULE_AVAILABLE_juce_audio_plugin_client=1",
					"JUCE_MODULE_AVAILABLE_juce_audio_processors=1",
					"JUCE_MODULE_AVAILABLE_juce_audio_utils=1",
					"JUCE_MODULE_AVAILABLE_juce_core=1",
					"JUCE_MODULE_AVAILABLE_juce_data_structures=1",
					"JUCE_MODULE_AVAILABLE_juce_dsp=1",
					"JUCE_MODULE_AVAILABLE_juce_events=1",
					"JUCE_MODULE_AVAILABLE_juce_graphics=1",
					"JUCE_MODULE_AVAILABLE_juce_gui_basics=1",
					"JUCE_MODULE_AVAILABLE_juce_gui_extra=1",
					"JUCE_GLOBAL_MODULE_SETTINGS_INCLUDED=1",
					"JUCE_VST3_CAN_REPLACE_VST2=0",
					"JUCE_STRICT_REFCOUNTEDPOINTER=1",
					"JucePlugin_Build_VST=0",
					"JucePlugin_Build_VST3=0",
					"JucePlugin_Build_AU=1",
					"JucePlugin_Build_AUv3=0",
					"JucePlugin_Build_RTAS=0",
					"JucePlugin_Build_AAX=0",
					"JucePlugin_Build_Standalone=0",
					"JucePlugin_Build_Unity=0",
					"JucePlugin_Enable_IAA=0",
					"JucePlugin_Name=\\\"ConvolutionPlugin\\\"",
					"JucePlugin_Desc=\\\"ConvolutionPlugin\\\"",
					"JucePlugin_Manufacturer=\\\"abhaya\\\"",
					"JucePlugin_ManufacturerWebsite=\\\"\\\"",
					"JucePlugin_ManufacturerEmail=\\\"\\\"",
					"JucePlugin_ManufacturerCode=0x4d616e75",
					"JucePlugin_PluginCode=0x47793168",
					"JucePlugin_IsSynth=0",
					"JucePlugin_WantsMidiInput=0",
					"JucePlugin_ProducesMidiOutput=0",
					"JucePlugin_IsMidiEffect=0",
					"JucePlugin_EditorRequiresKeyboardFocus=0",
					"JucePlugin_Version=1.0.0",
					"JucePlugin_VersionCode=0x10000",
					"JucePlugin_VersionString=\\\"1.0.0\\\"",
					"JucePlugin_VSTUniqueID=JucePlugin_PluginCode",
					"JucePlugin_VSTCategory=kPlugCategEffect",
					"JucePlugin_Vst3Category=\\\"Fx\\\"",
					"JucePlugin_AUMainType='aufx'",
					"JucePlugin_AUSubType=JucePlugin_PluginCode",
					"JucePlugin_AUExportPrefix=ConvolutionPluginAU",
					"JucePlugin_AUExportPrefixQuoted=\\\"ConvolutionPluginAU\\\"",
					"JucePlugin_AUManufacturerCode=JucePlugin_ManufacturerCode",
					"JucePlugin_CFBundleIdentifier=com.abhaya.ConvolutionPlugin",
					"JucePlugin_RTASCategory=0",
					"JucePlugin_RTASManufacturerCode=JucePlugin_ManufacturerCode",
					"JucePlugin_RTASProductId=JucePlugin_PluginCode",
					"JucePlugin_RTASDisableBypass=0",
					"JucePlugin_RTASDisableMultiMono=0",
					"JucePlugin_AAXIdentifier=com.abhaya.ConvolutionPlugin",
					"JucePlugin_AAXManufacturerCode=JucePlugin_ManufacturerCode",
					"JucePlugin_AAXProductId=JucePlugin_PluginCode",
					"JucePlugin_AAXCategory=0",
					"JucePlugin_AAXDisableBypass=0",
					"JucePlugin_AAXDisableMultiMono=0",
					"JucePlugin_IAAType=0x61757278",
					"JucePlugin_IAASubType=JucePlugin_PluginCode",
					"JucePlugin_IAAName=\\\"abhaya:\\ ConvolutionPlugin\\\"",
					"JucePlugin_VSTNumMidiInputs=16",
					"JucePlugin_VSTNumMidiOutputs=16",
					"JUCE_STANDALONE_APPLICATION=JucePlugin_Build_Standalone",
					"JUCER_XCODE_MAC_F6D2F4CF=1",
					"JUCE_APP_VERSION=1.0.0",
					"JUCE_APP_VERSION_HEX=0x10000",
					"JUCE_SHARED_CODE=1",
				);
				GCC_VERSION = com.apple.compilers.llvm.clang.1_0;
				HEADER_SEARCH_PATHS = (
					"$(SRCROOT)/../../JuceLibraryCode",
					"/Users/aparthy/dev/JUCE/modules",
					"/Users/aparthy/dev/JUCE/modules/juce_audio_plugin_client",
					"$(inherited)",
				);
				INSTALL_PATH = "@executable_path/../Frameworks";
				LLVM_LTO = YES;
				MACOSX_DEPLOYMENT_TARGET = 10.11;
				MTL_HEADER_SEARCH_PATHS = "$(SRCROOT)/../../JuceLibraryCode /Users/aparthy/dev/JUCE/modules /Users/aparthy/dev/JUCE/modules/juce_audio_plugin_client";
				PRODUCT_BUNDLE_IDENTIFIER = com.abhaya.ConvolutionPlugin;
				PRODUCT_NAME = "ConvolutionPlugin";
				SKIP_INSTALL = YES;
				USE_HEADERMAP = NO;
				VALID_ARCHS = "i386 x86_64 arm64 arm64e";
			};
			name = Release;
		};
		35119BC0B210947F889D6594 /* Debug */ = {
			isa = XCBuildConfiguration;
			buildSettings = {
				CLANG_CXX_LANGUAGE_STANDARD = "c++14";
				CLANG_CXX_LIBRARY = "libc++";
				CLANG_LINK_OBJC_RUNTIME = NO;
				CODE_SIGN_IDENTITY = "";
				COMBINE_HIDPI_IMAGES = YES;
				CONFIGURATION_BUILD_DIR = "$(PROJECT_DIR)/build/$(CONFIGURATION)";
				COPY_PHASE_STRIP = NO;
				DEPLOYMENT_LOCATION = YES;
				DSTROOT = /;
				GCC_DYNAMIC_NO_PIC = NO;
				GCC_OPTIMIZATION_LEVEL = 0;
				GCC_PREPROCESSOR_DEFINITIONS = (
					"_DEBUG=1",
					"DEBUG=1",
					"JUCE_DISPLAY_SPLASH_SCREEN=0",
					"JUCE_USE_DARK_SPLASH_SCREEN=1",
					"JUCE_PROJUCER_VERSION=0x60102",
					"JUCE_MODULE_AVAILABLE_juce_audio_basics=1",
					"JUCE_MODULE_AVAILABLE_juce_audio_devices=1",
					"JUCE_MODULE_AVAILABLE_juce_audio_formats=1",
					"JUCE_MODULE_AVAILABLE_juce_audio_plugin_client=1",
					"JUCE_MODULE_AVAILABLE_juce_audio_processors=1",
					"JUCE_MODULE_AVAILABLE_juce_audio_utils=1",
					"JUCE_MODULE_AVAILABLE_juce_core=1",
					"JUCE_MODULE_AVAILABLE_juce_data_structures=1",
					"JUCE_MODULE_AVAILABLE_juce_dsp=1",
					"JUCE_MODULE_AVAILABLE_juce_events=1",
					"JUCE_MODULE_AVAILABLE_juce_graphics=1",
					"JUCE_MODULE_AVAILABLE_juce_gui_basics=1",
					"JUCE_MODULE_AVAILABLE_juce_gui_extra=1",
					"JUCE_GLOBAL_MODULE_SETTINGS_INCLUDED=1",
					"JUCE_VST3_CAN_REPLACE_VST2=0",
					"JUCE_STRICT_REFCOUNTEDPOINTER=1",
					"JucePlugin_Build_VST=0",
					"JucePlugin_Build_VST3=0",
					"JucePlugin_Build_AU=1",
					"JucePlugin_Build_AUv3=0",
					"JucePlugin_Build_RTAS=0",
					"JucePlugin_Build_AAX=0",
					"JucePlugin_Build_Standalone=0",
					"JucePlugin_Build_Unity=0",
					"JucePlugin_Enable_IAA=0",
					"JucePlugin_Name=\\\"ConvolutionPlugin\\\"",
					"JucePlugin_Desc=\\\"ConvolutionPlugin\\\"",
					"JucePlugin_Manufacturer=\\\"abhaya\\\"",
					"JucePlugin_ManufacturerWebsite=\\\"\\\"",
					"JucePlugin_ManufacturerEmail=\\\"\\\"",
					"JucePlugin_ManufacturerCode=0x4d616e75",
					"JucePlugin_PluginCode=0x47793168",
					"JucePlugin_IsSynth=0",
					"JucePlugin_WantsMidiInput=0",
					"JucePlugin_ProducesMidiOutput=0",
					"JucePlugin_IsMidiEffect=0",
					"JucePlugin_EditorRequiresKeyboardFocus=0",
					"JucePlugin_Version=1.0.0",
					"JucePlugin_VersionCode=0x10000",
					"JucePlugin_VersionString=\\\"1.0.0\\\"",
					"JucePlugin_VSTUniqueID=JucePlugin_PluginCode",
					"JucePlugin_VSTCategory=kPlugCategEffect",
					"JucePlugin_Vst3Category=\\\"Fx\\\"",
					"JucePlugin_AUMainType='aufx'",
					"JucePlugin_AUSubType=JucePlugin_PluginCode",
					"JucePlugin_AUExportPrefix=ConvolutionPluginAU",
					"JucePlugin_AUExportPrefixQuoted=\\\"ConvolutionPluginAU\\\"",
					"JucePlugin_AUManufacturerCode=JucePlugin_ManufacturerCode",
					"JucePlugin_CFBundleIdentifier=com.abhaya.ConvolutionPlugin",
					"JucePlugin_RTASCategory=0",
					"JucePlugin_RTASManufacturerCode=JucePlugin_ManufacturerCode",
					"JucePlugin_RTASProductId=JucePlugin_PluginCode",
					"JucePlugin_RTASDisableBypass=0",
					"JucePlugin_RTASDisableMultiMono=0",
					"JucePlugin_AAXIdentifier=com.abhaya.ConvolutionPlugin",
					"JucePlugin_AAXManufacturerCode=JucePlugin_ManufacturerCode",
					"JucePlugin_AAXProductId=JucePlugin_PluginCode",
					"JucePlugin_AAXCategory=0",
					"JucePlugin_AAXDisableBypass=0",
					"JucePlugin_AAXDisableMultiMono=0",
					"JucePlugin_IAAType=0x61757278",
					"JucePlugin_IAASubType=JucePlugin_PluginCode",
					"JucePlugin_IAAName=\\\"abhaya:\\ ConvolutionPlugin\\\"",
					"JucePlugin_VSTNumMidiInputs=16",
					"JucePlugin_VSTNumMidiOutputs=16",
					"JUCE_STANDALONE_APPLICATION=JucePlugin_Build_Standalone",
					"JUCER_XCODE_MAC_F6D2F4CF=1",
					"JUCE_APP_VERSION=1.0.0",
					"JUCE_APP_VERSION_HEX=0x10000",
				);
				GCC_VERSION = com.apple.compilers.llvm.clang.1_0;
				GENERATE_PKGINFO_FILE = YES;
				HEADER_SEARCH_PATHS = (
					"$(SRCROOT)/../../JuceLibraryCode",
					"/Users/aparthy/dev/JUCE/modules",
					"/Users/aparthy/dev/JUCE/modules/juce_audio_plugin_client",
					"$(inherited)",
				);
				INFOPLIST_FILE = Info-AU.plist;
				INFOPLIST_PREPROCESS = NO;
				INSTALL_PATH = "$(HOME)/Library/Audio/Plug-Ins/Components/";
				LIBRARY_STYLE = Bundle;
				MACOSX_DEPLOYMENT_TARGET = 10.11;
				MTL_HEADER_SEARCH_PATHS = "$(SRCROOT)/../../JuceLibraryCode /Users/aparthy/dev/JUCE/modules /Users/aparthy/dev/JUCE/modules/juce_audio_plugin_client";
				OTHER_LDFLAGS = "-bundle -lConvolutionPlugin";
				OTHER_REZFLAGS = "-d ppc_$ppc -d i386_$i386 -d ppc64_$ppc64 -d x86_64_$x86_64 -d arm64_$arm64 -I /System/Library/Frameworks/CoreServices.framework/Frameworks/CarbonCore.framework/Versions/A/Headers -I \"$(DEVELOPER_DIR)/Extras/CoreAudio/AudioUnits/AUPublic/AUBase\" -I \"$(DEVELOPER_DIR)/Platforms/MacOSX.platform/Developer/SDKs/MacOSX.sdk/System/Library/Frameworks/AudioUnit.framework/Headers\"";
				PRODUCT_BUNDLE_IDENTIFIER = com.abhaya.ConvolutionPlugin;
				PRODUCT_NAME = "ConvolutionPlugin";
				USE_HEADERMAP = NO;
				VALID_ARCHS = "i386 x86_64 arm64 arm64e";
				WRAPPER_EXTENSION = component;
			};
			name = Debug;
		};
		90714BCD6055D1DFA5DBD5E2 /* Debug */ = {
			isa = XCBuildConfiguration;
			buildSettings = {
				ALWAYS_SEARCH_USER_PATHS = NO;
				CLANG_ENABLE_OBJC_WEAK = YES;
				CLANG_WARN_BLOCK_CAPTURE_AUTORELEASING = YES;
				CLANG_WARN_BOOL_CONVERSION = YES;
				CLANG_WARN_COMMA = YES;
				CLANG_WARN_CONSTANT_CONVERSION = YES;
				CLANG_WARN_DEPRECATED_OBJC_IMPLEMENTATIONS = YES;
				CLANG_WARN_EMPTY_BODY = YES;
				CLANG_WARN_ENUM_CONVERSION = YES;
				CLANG_WARN_INFINITE_RECURSION = YES;
				CLANG_WARN_INT_CONVERSION = YES;
				CLANG_WARN_NON_LITERAL_NULL_CONVERSION = YES;
				CLANG_WARN_OBJC_IMPLICIT_RETAIN_SELF = YES;
				CLANG_WARN_OBJC_LITERAL_CONVERSION = YES;
				CLANG_WARN_RANGE_LOOP_ANALYSIS = YES;
				CLANG_WARN_STRICT_PROTOTYPES = YES;
				CLANG_WARN_SUSPICIOUS_MOVE = YES;
				CLANG_WARN_UNREACHABLE_CODE = YES;
				CLANG_WARN__DUPLICATE_METHOD_MATCH = YES;
				CODE_SIGN_IDENTITY = "";
				DEBUG_INFORMATION_FORMAT = dwarf;
				ENABLE_STRICT_OBJC_MSGSEND = YES;
				ENABLE_TESTABILITY = NO;
				GCC_C_LANGUAGE_STANDARD = c11;
				GCC_INLINES_ARE_PRIVATE_EXTERN = YES;
				GCC_MODEL_TUNING = G5;
				GCC_NO_COMMON_BLOCKS = YES;
				GCC_SYMBOLS_PRIVATE_EXTERN = YES;
				GCC_WARN_64_TO_32_BIT_CONVERSION = YES;
				GCC_WARN_ABOUT_RETURN_TYPE = YES;
				GCC_WARN_CHECK_SWITCH_STATEMENTS = YES;
				GCC_WARN_MISSING_PARENTHESES = YES;
				GCC_WARN_NON_VIRTUAL_DESTRUCTOR = YES;
				GCC_WARN_TYPECHECK_CALLS_TO_PRINTF = YES;
				GCC_WARN_UNDECLARED_SELECTOR = YES;
				GCC_WARN_UNINITIALIZED_AUTOS = YES;
				GCC_WARN_UNUSED_FUNCTION = YES;
				GCC_WARN_UNUSED_VARIABLE = YES;
				ONLY_ACTIVE_ARCH = YES;
				PRODUCT_NAME = "ConvolutionPlugin";
				SDKROOT = macosx;
				WARNING_CFLAGS = "-Wreorder";
				ZERO_LINK = NO;
			};
			name = Debug;
		};
		B305EDD16E5955F9BB2C6A50 /* Release */ = {
			isa = XCBuildConfiguration;
			buildSettings = {
				ALWAYS_SEARCH_USER_PATHS = NO;
				CLANG_ENABLE_OBJC_WEAK = YES;
				CLANG_WARN_BLOCK_CAPTURE_AUTORELEASING = YES;
				CLANG_WARN_BOOL_CONVERSION = YES;
				CLANG_WARN_COMMA = YES;
				CLANG_WARN_CONSTANT_CONVERSION = YES;
				CLANG_WARN_DEPRECATED_OBJC_IMPLEMENTATIONS = YES;
				CLANG_WARN_EMPTY_BODY = YES;
				CLANG_WARN_ENUM_CONVERSION = YES;
				CLANG_WARN_INFINITE_RECURSION = YES;
				CLANG_WARN_INT_CONVERSION = YES;
				CLANG_WARN_NON_LITERAL_NULL_CONVERSION = YES;
				CLANG_WARN_OBJC_IMPLICIT_RETAIN_SELF = YES;
				CLANG_WARN_OBJC_LITERAL_CONVERSION = YES;
				CLANG_WARN_RANGE_LOOP_ANALYSIS = YES;
				CLANG_WARN_STRICT_PROTOTYPES = YES;
				CLANG_WARN_SUSPICIOUS_MOVE = YES;
				CLANG_WARN_UNREACHABLE_CODE = YES;
				CLANG_WARN__DUPLICATE_METHOD_MATCH = YES;
				CODE_SIGN_IDENTITY = "";
				DEBUG_INFORMATION_FORMAT = dwarf;
				ENABLE_STRICT_OBJC_MSGSEND = YES;
				ENABLE_TESTABILITY = NO;
				GCC_C_LANGUAGE_STANDARD = c11;
				GCC_INLINES_ARE_PRIVATE_EXTERN = YES;
				GCC_MODEL_TUNING = G5;
				GCC_NO_COMMON_BLOCKS = YES;
				GCC_SYMBOLS_PRIVATE_EXTERN = YES;
				GCC_WARN_64_TO_32_BIT_CONVERSION = YES;
				GCC_WARN_ABOUT_RETURN_TYPE = YES;
				GCC_WARN_CHECK_SWITCH_STATEMENTS = YES;
				GCC_WARN_MISSING_PARENTHESES = YES;
				GCC_WARN_NON_VIRTUAL_DESTRUCTOR = YES;
				GCC_WARN_TYPECHECK_CALLS_TO_PRINTF = YES;
				GCC_WARN_UNDECLARED_SELECTOR = YES;
				GCC_WARN_UNINITIALIZED_AUTOS = YES;
				GCC_WARN_UNUSED_FUNCTION = YES;
				GCC_WARN_UNUSED_VARIABLE = YES;
				PRODUCT_NAME = "ConvolutionPlugin";
				SDKROOT = macosx;
				WARNING_CFLAGS = "-Wreorder";
				ZERO_LINK = NO;
			};
			name = Release;
		};
		B8C372069200945C9BCFE923 /* Release */ = {
			isa = XCBuildConfiguration;
			buildSettings = {
				MACOSX_DEPLOYMENT_TARGET = 10.11;
				SDKROOT = macosx;
			};
			name = Release;
		};
		BD6CB5AD71FADB8FA8F0FA5A /* Debug */ = {
			isa = XCBuildConfiguration;
			buildSettings = {
				MACOSX_DEPLOYMENT_TARGET = 10.11;
				SDKROOT = macosx;
			};
			name = Debug;
		};
		C137000E446B22D2F4A6889B /* Release */ = {
			isa = XCBuildConfiguration;
			buildSettings = {
				CLANG_CXX_LANGUAGE_STANDARD = "c++14";
				CLANG_CXX_LIBRARY = "libc++";
				CLANG_LINK_OBJC_RUNTIME = NO;
				CODE_SIGN_IDENTITY = "";
				COMBINE_HIDPI_IMAGES = YES;
				CONFIGURATION_BUILD_DIR = "$(PROJECT_DIR)/build/$(CONFIGURATION)";
				DEAD_CODE_STRIPPING = YES;
				DEPLOYMENT_LOCATION = YES;
				DSTROOT = /;
				GCC_GENERATE_DEBUGGING_SYMBOLS = NO;
				GCC_OPTIMIZATION_LEVEL = 3;
				GCC_PREPROCESSOR_DEFINITIONS = (
					"_NDEBUG=1",
					"NDEBUG=1",
					"JUCE_DISPLAY_SPLASH_SCREEN=0",
					"JUCE_USE_DARK_SPLASH_SCREEN=1",
					"JUCE_PROJUCER_VERSION=0x60102",
					"JUCE_MODULE_AVAILABLE_juce_audio_basics=1",
					"JUCE_MODULE_AVAILABLE_juce_audio_devices=1",
					"JUCE_MODULE_AVAILABLE_juce_audio_formats=1",
					"JUCE_MODULE_AVAILABLE_juce_audio_plugin_client=1",
					"JUCE_MODULE_AVAILABLE_juce_audio_processors=1",
					"JUCE_MODULE_AVAILABLE_juce_audio_utils=1",
					"JUCE_MODULE_AVAILABLE_juce_core=1",
					"JUCE_MODULE_AVAILABLE_juce_data_structures=1",
					"JUCE_MODULE_AVAILABLE_juce_dsp=1",
					"JUCE_MODULE_AVAILABLE_juce_events=1",
					"JUCE_MODULE_AVAILABLE_juce_graphics=1",
					"JUCE_MODULE_AVAILABLE_juce_gui_basics=1",
					"JUCE_MODULE_AVAILABLE_juce_gui_extra=1",
					"JUCE_GLOBAL_MODULE_SETTINGS_INCLUDED=1",
					"JUCE_VST3_CAN_REPLACE_VST2=0",
					"JUCE_STRICT_REFCOUNTEDPOINTER=1",
					"JucePlugin_Build_VST=0",
					"JucePlugin_Build_VST3=0",
					"JucePlugin_Build_AU=1",
					"JucePlugin_Build_AUv3=0",
					"JucePlugin_Build_RTAS=0",
					"JucePlugin_Build_AAX=0",
					"JucePlugin_Build_Standalone=0",
					"JucePlugin_Build_Unity=0",
					"JucePlugin_Enable_IAA=0",
					"JucePlugin_Name=\\\"ConvolutionPlugin\\\"",
					"JucePlugin_Desc=\\\"ConvolutionPlugin\\\"",
					"JucePlugin_Manufacturer=\\\"abhaya\\\"",
					"JucePlugin_ManufacturerWebsite=\\\"\\\"",
					"JucePlugin_ManufacturerEmail=\\\"\\\"",
					"JucePlugin_ManufacturerCode=0x4d616e75",
					"JucePlugin_PluginCode=0x47793168",
					"JucePlugin_IsSynth=0",
					"JucePlugin_WantsMidiInput=0",
					"JucePlugin_ProducesMidiOutput=0",
					"JucePlugin_IsMidiEffect=0",
					"JucePlugin_EditorRequiresKeyboardFocus=0",
					"JucePlugin_Version=1.0.0",
					"JucePlugin_VersionCode=0x10000",
					"JucePlugin_VersionString=\\\"1.0.0\\\"",
					"JucePlugin_VSTUniqueID=JucePlugin_PluginCode",
					"JucePlugin_VSTCategory=kPlugCategEffect",
					"JucePlugin_Vst3Category=\\\"Fx\\\"",
					"JucePlugin_AUMainType='aufx'",
					"JucePlugin_AUSubType=JucePlugin_PluginCode",
					"JucePlugin_AUExportPrefix=ConvolutionPluginAU",
					"JucePlugin_AUExportPrefixQuoted=\\\"ConvolutionPluginAU\\\"",
					"JucePlugin_AUManufacturerCode=JucePlugin_ManufacturerCode",
					"JucePlugin_CFBundleIdentifier=com.abhaya.ConvolutionPlugin",
					"JucePlugin_RTASCategory=0",
					"JucePlugin_RTASManufacturerCode=JucePlugin_ManufacturerCode",
					"JucePlugin_RTASProductId=JucePlugin_PluginCode",
					"JucePlugin_RTASDisableBypass=0",
					"JucePlugin_RTASDisableMultiMono=0",
					"JucePlugin_AAXIdentifier=com.abhaya.ConvolutionPlugin",
					"JucePlugin_AAXManufacturerCode=JucePlugin_ManufacturerCode",
					"JucePlugin_AAXProductId=JucePlugin_PluginCode",
					"JucePlugin_AAXCategory=0",
					"JucePlugin_AAXDisableBypass=0",
					"JucePlugin_AAXDisableMultiMono=0",
					"JucePlugin_IAAType=0x61757278",
					"JucePlugin_IAASubType=JucePlugin_PluginCode",
					"JucePlugin_IAAName=\\\"abhaya:\\ ConvolutionPlugin\\\"",
					"JucePlugin_VSTNumMidiInputs=16",
					"JucePlugin_VSTNumMidiOutputs=16",
					"JUCE_STANDALONE_APPLICATION=JucePlugin_Build_Standalone",
					"JUCER_XCODE_MAC_F6D2F4CF=1",
					"JUCE_APP_VERSION=1.0.0",
					"JUCE_APP_VERSION_HEX=0x10000",
				);
				GCC_VERSION = com.apple.compilers.llvm.clang.1_0;
				GENERATE_PKGINFO_FILE = YES;
				HEADER_SEARCH_PATHS = (
					"$(SRCROOT)/../../JuceLibraryCode",
					"/Users/aparthy/dev/JUCE/modules",
					"/Users/aparthy/dev/JUCE/modules/juce_audio_plugin_client",
					"$(inherited)",
				);
				INFOPLIST_FILE = Info-AU.plist;
				INFOPLIST_PREPROCESS = NO;
				INSTALL_PATH = "$(HOME)/Library/Audio/Plug-Ins/Components/";
				LIBRARY_STYLE = Bundle;
				LLVM_LTO = YES;
				MACOSX_DEPLOYMENT_TARGET = 10.11;
				MTL_HEADER_SEARCH_PATHS = "$(SRCROOT)/../../JuceLibraryCode /Users/aparthy/dev/JUCE/modules /Users/aparthy/dev/JUCE/modules/juce_audio_plugin_client";
				OTHER_LDFLAGS = "-bundle -lConvolutionPlugin";
				OTHER_REZFLAGS = "-d ppc_$ppc -d i386_$i386 -d ppc64_$ppc64 -d x86_64_$x86_64 -d arm64_$arm64 -I /System/Library/Frameworks/CoreServices.framework/Frameworks/CarbonCore.framework/Versions/A/Headers -I \"$(DEVELOPER_DIR)/Extras/CoreAudio/AudioUnits/AUPublic/AUBase\" -I \"$(DEVELOPER_DIR)/Platforms/MacOSX.platform/Developer/SDKs/MacOSX.sdk/System/Library/Frameworks/AudioUnit.framework/Headers\"";
				PRODUCT_BUNDLE_IDENTIFIER = com.abhaya.ConvolutionPlugin;
				PRODUCT_NAME = "ConvolutionPlugin";
				USE_HEADERMAP = NO;
				VALID_ARCHS = "i386 x86_64 arm64 arm64e";
				WRAPPER_EXTENSION = component;
			};
			name = Release;
		};
		E7ABF1856DF03A8940072DC2 /* Debug */ = {
			isa = XCBuildConfiguration;
			buildSettings = {
				CLANG_CXX_LANGUAGE_STANDARD = "c++14";
				CLANG_CXX_LIBRARY = "libc++";
				CLANG_LINK_OBJC_RUNTIME = NO;
				CODE_SIGN_IDENTITY = "";
				COMBINE_HIDPI_IMAGES = YES;
				CONFIGURATION_BUILD_DIR = "$(PROJECT_DIR)/build/$(CONFIGURATION)";
				COPY_PHASE_STRIP = NO;
				GCC_DYNAMIC_NO_PIC = NO;
				GCC_OPTIMIZATION_LEVEL = 0;
				GCC_PREPROCESSOR_DEFINITIONS = (
					"_DEBUG=1",
					"DEBUG=1",
					"JUCE_DISPLAY_SPLASH_SCREEN=0",
					"JUCE_USE_DARK_SPLASH_SCREEN=1",
					"JUCE_PROJUCER_VERSION=0x60102",
					"JUCE_MODULE_AVAILABLE_juce_audio_basics=1",
					"JUCE_MODULE_AVAILABLE_juce_audio_devices=1",
					"JUCE_MODULE_AVAILABLE_juce_audio_formats=1",
					"JUCE_MODULE_AVAILABLE_juce_audio_plugin_client=1",
					"JUCE_MODULE_AVAILABLE_juce_audio_processors=1",
					"JUCE_MODULE_AVAILABLE_juce_audio_utils=1",
					"JUCE_MODULE_AVAILABLE_juce_core=1",
					"JUCE_MODULE_AVAILABLE_juce_data_structures=1",
					"JUCE_MODULE_AVAILABLE_juce_dsp=1",
					"JUCE_MODULE_AVAILABLE_juce_events=1",
					"JUCE_MODULE_AVAILABLE_juce_graphics=1",
					"JUCE_MODULE_AVAILABLE_juce_gui_basics=1",
					"JUCE_MODULE_AVAILABLE_juce_gui_extra=1",
					"JUCE_GLOBAL_MODULE_SETTINGS_INCLUDED=1",
					"JUCE_VST3_CAN_REPLACE_VST2=0",
					"JUCE_STRICT_REFCOUNTEDPOINTER=1",
					"JucePlugin_Build_VST=0",
					"JucePlugin_Build_VST3=0",
					"JucePlugin_Build_AU=1",
					"JucePlugin_Build_AUv3=0",
					"JucePlugin_Build_RTAS=0",
					"JucePlugin_Build_AAX=0",
					"JucePlugin_Build_Standalone=0",
					"JucePlugin_Build_Unity=0",
					"JucePlugin_Enable_IAA=0",
					"JucePlugin_Name=\\\"ConvolutionPlugin\\\"",
					"JucePlugin_Desc=\\\"ConvolutionPlugin\\\"",
					"JucePlugin_Manufacturer=\\\"abhaya\\\"",
					"JucePlugin_ManufacturerWebsite=\\\"\\\"",
					"JucePlugin_ManufacturerEmail=\\\"\\\"",
					"JucePlugin_ManufacturerCode=0x4d616e75",
					"JucePlugin_PluginCode=0x47793168",
					"JucePlugin_IsSynth=0",
					"JucePlugin_WantsMidiInput=0",
					"JucePlugin_ProducesMidiOutput=0",
					"JucePlugin_IsMidiEffect=0",
					"JucePlugin_EditorRequiresKeyboardFocus=0",
					"JucePlugin_Version=1.0.0",
					"JucePlugin_VersionCode=0x10000",
					"JucePlugin_VersionString=\\\"1.0.0\\\"",
					"JucePlugin_VSTUniqueID=JucePlugin_PluginCode",
					"JucePlugin_VSTCategory=kPlugCategEffect",
					"JucePlugin_Vst3Category=\\\"Fx\\\"",
					"JucePlugin_AUMainType='aufx'",
					"JucePlugin_AUSubType=JucePlugin_PluginCode",
					"JucePlugin_AUExportPrefix=ConvolutionPluginAU",
					"JucePlugin_AUExportPrefixQuoted=\\\"ConvolutionPluginAU\\\"",
					"JucePlugin_AUManufacturerCode=JucePlugin_ManufacturerCode",
					"JucePlugin_CFBundleIdentifier=com.abhaya.ConvolutionPlugin",
					"JucePlugin_RTASCategory=0",
					"JucePlugin_RTASManufacturerCode=JucePlugin_ManufacturerCode",
					"JucePlugin_RTASProductId=JucePlugin_PluginCode",
					"JucePlugin_RTASDisableBypass=0",
					"JucePlugin_RTASDisableMultiMono=0",
					"JucePlugin_AAXIdentifier=com.abhaya.ConvolutionPlugin",
					"JucePlugin_AAXManufacturerCode=JucePlugin_ManufacturerCode",
					"JucePlugin_AAXProductId=JucePlugin_PluginCode",
					"JucePlugin_AAXCategory=0",
					"JucePlugin_AAXDisableBypass=0",
					"JucePlugin_AAXDisableMultiMono=0",
					"JucePlugin_IAAType=0x61757278",
					"JucePlugin_IAASubType=JucePlugin_PluginCode",
					"JucePlugin_IAAName=\\\"abhaya:\\ ConvolutionPlugin\\\"",
					"JucePlugin_VSTNumMidiInputs=16",
					"JucePlugin_VSTNumMidiOutputs=16",
					"JUCE_STANDALONE_APPLICATION=JucePlugin_Build_Standalone",
					"JUCER_XCODE_MAC_F6D2F4CF=1",
					"JUCE_APP_VERSION=1.0.0",
					"JUCE_APP_VERSION_HEX=0x10000",
					"JUCE_SHARED_CODE=1",
				);
				GCC_VERSION = com.apple.compilers.llvm.clang.1_0;
				HEADER_SEARCH_PATHS = (
					"$(SRCROOT)/../../JuceLibraryCode",
					"/Users/aparthy/dev/JUCE/modules",
					"/Users/aparthy/dev/JUCE/modules/juce_audio_plugin_client",
					"$(inherited)",
				);
				INSTALL_PATH = "@executable_path/../Frameworks";
				MACOSX_DEPLOYMENT_TARGET = 10.11;
				MTL_HEADER_SEARCH_PATHS = "$(SRCROOT)/../../JuceLibraryCode /Users/aparthy/dev/JUCE/modules /Users/aparthy/dev/JUCE/modules/juce_audio_plugin_client";
				PRODUCT_BUNDLE_IDENTIFIER = com.abhaya.ConvolutionPlugin;
				PRODUCT_NAME = "ConvolutionPlugin";
				SKIP_INSTALL = YES;
				USE_HEADERMAP = NO;
				VALID_ARCHS = "i386 x86_64 arm64 arm64e";
			};
			name = Debug;
		};
/* End XCBuildConfiguration section */

/* Begin XCConfigurationList section */
		41A41EDAFB28BB20197CC508 = {
			isa = XCConfigurationList;
			buildConfigurations = (
				BD6CB5AD71FADB8FA8F0FA5A,
				B8C372069200945C9BCFE923,
			);
			defaultConfigurationIsVisible = 0;
			defaultConfigurationName = Debug;
		};
		4E012462B05D4568F2E3DD8F = {
			isa = XCConfigurationList;
			buildConfigurations = (
				35119BC0B210947F889D6594,
				C137000E446B22D2F4A6889B,
			);
			defaultConfigurationIsVisible = 0;
			defaultConfigurationName = Debug;
		};
		7707BC900178BF985B038C1F = {
			isa = XCConfigurationList;
			buildConfigurations = (
				E7ABF1856DF03A8940072DC2,
				08F7920D0B03D2FF4377D7BF,
			);
			defaultConfigurationIsVisible = 0;
			defaultConfigurationName = Debug;
		};
		E85AD194BB72065CB980CD60 = {
			isa = XCConfigurationList;
			buildConfigurations = (
				90714BCD6055D1DFA5DBD5E2,
				B305EDD16E5955F9BB2C6A50,
			);
			defaultConfigurationIsVisible = 0;
			defaultConfigurationName = Debug;
		};
/* End XCConfigurationList section */
	};
	rootObject = 62DD8FC01E32A228C323258F /* Project object */;
}
